PODS:
  - Adjust (4.29.7):
    - Adjust/Core (= 4.29.7)
  - Adjust/Core (4.29.7)
  - Analytics (4.1.7)
  - Expecta (1.0.6)
  - Segment-Adjust (3.1.5-beta):
    - Adjust (~> 4.29.3)
    - Analytics
  - Specta (2.0.0)

DEPENDENCIES:
  - Expecta
  - Segment-Adjust (from `../`)
  - Specta

SPEC REPOS:
  trunk:
    - Adjust
    - Analytics
    - Expecta
    - Specta

EXTERNAL SOURCES:
  Segment-Adjust:
    :path: "../"

SPEC CHECKSUMS:
  Adjust: 91a06a01e4bb35b432e26b5d5bb8995b95fc381c
  Analytics: 3106b5af9b799c934f98a68ab8ba199f1c603fdb
  Expecta: 3b6bd90a64b9a1dcb0b70aa0e10a7f8f631667d5
  Segment-Adjust: b69424bdb7d50c9a8b7eb165ed8ea83f3a790353
  Specta: b79d84043684b35ffdc2680df578dc318ec2efc2

PODFILE CHECKSUM: e379de0ac3277c48ccf211ba9d94193cf5154804

COCOAPODS: 1.11.3
